
Microsoft Visual Studio Solution File, Format Version 12.00
# Visual Studio Version 18
VisualStudioVersion = 18.5.11619.145
MinimumVisualStudioVersion = 10.0.40219.1
Project("{FAE04EC0-301F-11D3-BF4B-00C04F79EFBC}") = "TubieTools_Aspire.AppHost", "TubieTools_Aspire.AppHost\TubieTools_Aspire.AppHost.csproj", "{E01E7013-DE64-4A52-9FA9-6F325C7B12A9}"
EndProject
Project("{FAE04EC0-301F-11D3-BF4B-00C04F79EFBC}") = "TubieTools_Aspire.ServiceDefaults", "TubieTools_Aspire.ServiceDefaults\TubieTools_Aspire.ServiceDefaults.csproj", "{3122BC27-923A-31AB-D684-2B691C1C6075}"
EndProject
Project("{FAE04EC0-301F-11D3-BF4B-00C04F79EFBC}") = "TubieTools_Aspire.Web", "TubieTools_Aspire.Web\TubieTools_Aspire.Web.csproj", "{9D0E6B10-3838-7AB8-79AD-00FC20E74E1C}"
EndProject
Project("{FAE04EC0-301F-11D3-BF4B-00C04F79EFBC}") = "TubieTools_Aspire.Tests", "TubieTools_Aspire.Tests\TubieTools_Aspire.Tests.csproj", "{9B34805D-E063-0693-C4C9-E26C025A91E3}"
EndProject
Project("{FAE04EC0-301F-11D3-BF4B-00C04F79EFBC}") = "TubieTools_PublicAPI", "TubieTools_PublicAPI\TubieTools_PublicAPI.csproj", "{602218B5-F255-45A3-B4F5-C03F0D4DD9B7}"
EndProject
Project("{2150E333-8FDC-42A3-9474-1A3956D46DE8}") = "Frontend", "Frontend", "{02EA681E-C7D8-13C7-8484-4AC65E1B71E8}"
EndProject
Project("{2150E333-8FDC-42A3-9474-1A3956D46DE8}") = "Api", "Api", "{E1A7387B-8C42-4E1E-95DF-35677B0E333A}"
EndProject
Project("{2150E333-8FDC-42A3-9474-1A3956D46DE8}") = "Tests", "Tests", "{03839617-D70E-4E67-AD64-4458BEAF8B7B}"
EndProject
Project("{2150E333-8FDC-42A3-9474-1A3956D46DE8}") = "Infrastructure", "Infrastructure", "{C7580F7F-7269-406E-A350-651E9AAF3996}"
EndProject
Project("{2150E333-8FDC-42A3-9474-1A3956D46DE8}") = "DAL", "DAL", "{E3EE7E22-1EEA-483B-BA6F-09E926E325EE}"
	ProjectSection(SolutionItems) = preProject
		DataAccessLayer\Data\TubieDbContext.cs = DataAccessLayer\Data\TubieDbContext.cs
	EndProjectSection
EndProject
Project("{2150E333-8FDC-42A3-9474-1A3956D46DE8}") = "BLL", "BLL", "{A265A754-0A87-40D1-8D94-7E37D334798B}"
EndProject
Project("{2150E333-8FDC-42A3-9474-1A3956D46DE8}") = "Host", "Host", "{B4CC44EB-2F28-46A9-BD42-36350F39F999}"
EndProject
Project("{FAE04EC0-301F-11D3-BF4B-00C04F79EFBC}") = "DataAccessLayer", "DataAccessLayer\DataAccessLayer.csproj", "{B645D6D0-01E3-4092-B40C-50D6FDFA740E}"
EndProject
Project("{FAE04EC0-301F-11D3-BF4B-00C04F79EFBC}") = "DTOLayer", "DTOLayer\DTOLayer.csproj", "{B1060F5E-43B8-4AC3-93AE-D8B2BCBFC30B}"
EndProject
Project("{FAE04EC0-301F-11D3-BF4B-00C04F79EFBC}") = "ModelLayer", "ModelLayer\ModelLayer.csproj", "{7CE02067-97F5-46C4-84DF-5FA37C574A2E}"
EndProject
Project("{FAE04EC0-301F-11D3-BF4B-00C04F79EFBC}") = "ServiceLayer", "ServiceLayer\ServiceLayer.csproj", "{86159C7B-59A7-4DEA-BCF0-7EC49A99563C}"
EndProject
Project("{2150E333-8FDC-42A3-9474-1A3956D46DE8}") = "AI", "AI", "{A98DB97D-3B9D-4781-A248-D2043F614879}"
EndProject
Project("{FAE04EC0-301F-11D3-BF4B-00C04F79EFBC}") = "TubieTools_Machine_Learning", "TubieTools_Machine_Learning\TubieTools_Machine_Learning.csproj", "{28972F05-F643-406F-A37F-CCBE916B1B49}"
EndProject
Project("{FAE04EC0-301F-11D3-BF4B-00C04F79EFBC}") = "TubieTools_Converter", "TubieTools_Converter\TubieTools_Converter.csproj", "{BE151C5A-BE0B-4F47-BB50-7AA002443029}"
EndProject
Project("{FAE04EC0-301F-11D3-BF4B-00C04F79EFBC}") = "TubieTools_SentimentModel_WebApi", "TubieTools_SentimentModel_WebApi\TubieTools_SentimentModel_WebApi.csproj", "{F9FF8D44-6E1C-66A1-6840-85A953348236}"
EndProject
Project("{FAE04EC0-301F-11D3-BF4B-00C04F79EFBC}") = "TubieTools_SentimentModel_ProductApi", "TubieTools_SentimentModel_ProductApi\TubieTools_SentimentModel_ProductApi.csproj", "{FEEDA94B-085D-3A95-8E47-3810A40CE724}"
EndProject
Project("{FAE04EC0-301F-11D3-BF4B-00C04F79EFBC}") = "TubieTools_Forecasting_API", "TubieTools_Forecasting_API\TubieTools_Forecasting_API.csproj", "{2E95569B-1941-BEEF-4ACA-1D7A62BF7177}"
EndProject
Project("{FAE04EC0-301F-11D3-BF4B-00C04F79EFBC}") = "TensorFlow", "TensorFlow\TensorFlow.csproj", "{58FB9205-C88B-4E5C-BD6A-396BBA03505B}"
EndProject
Project("{FAE04EC0-301F-11D3-BF4B-00C04F79EFBC}") = "TubieTools_Aspire.EnterpriseAutomation", "TubieTools_Aspire.EnterpriseAutomation\TubieTools_Aspire.EnterpriseAutomation.csproj", "{5A864ADA-A21F-BAEC-D3E9-D8CFB992022F}"
EndProject
Project("{FAE04EC0-301F-11D3-BF4B-00C04F79EFBC}") = "TubieTools_Aspire.Security", "TubieTools_Aspire.Security\TubieTools_Aspire.Security.csproj", "{F33DD800-A115-BD33-BEBB-ED283D891E8E}"
EndProject
Project("{FAE04EC0-301F-11D3-BF4B-00C04F79EFBC}") = "TubieTools_Foundry_Extensions", "TubieTools_Foundry_Extensions\TubieTools_Foundry_Extensions.csproj", "{0065B339-A3D9-4247-BAEC-D21F9E8C8FE8}"
EndProject
Project("{FAE04EC0-301F-11D3-BF4B-00C04F79EFBC}") = "TubieTools_LogisticsOSRM", "MapApp\Backend\MapApp.API\TubieTools_LogisticsOSRM.csproj", "{5DCCE77D-2B81-A3EE-4FD1-63F08785BDD0}"
EndProject
Project("{FAE04EC0-301F-11D3-BF4B-00C04F79EFBC}") = "TubieTools_Map", "TubieTools_Map\TubieTools_Map.csproj", "{B9275215-698C-500E-CBEE-F7183211BB65}"
EndProject
Global
	GlobalSection(SolutionConfigurationPlatforms) = preSolution
		Debug|Any CPU = Debug|Any CPU
		Debug|x64 = Debug|x64
		Debug|x86 = Debug|x86
		Release|Any CPU = Release|Any CPU
		Release|x64 = Release|x64
		Release|x86 = Release|x86
	EndGlobalSection
	GlobalSection(ProjectConfigurationPlatforms) = postSolution
		{E01E7013-DE64-4A52-9FA9-6F325C7B12A9}.Debug|Any CPU.ActiveCfg = Debug|Any CPU
		{E01E7013-DE64-4A52-9FA9-6F325C7B12A9}.Debug|Any CPU.Build.0 = Debug|Any CPU
		{E01E7013-DE64-4A52-9FA9-6F325C7B12A9}.Debug|x64.ActiveCfg = Debug|Any CPU
		{E01E7013-DE64-4A52-9FA9-6F325C7B12A9}.Debug|x64.Build.0 = Debug|Any CPU
		{E01E7013-DE64-4A52-9FA9-6F325C7B12A9}.Debug|x86.ActiveCfg = Debug|Any CPU
		{E01E7013-DE64-4A52-9FA9-6F325C7B12A9}.Debug|x86.Build.0 = Debug|Any CPU
		{E01E7013-DE64-4A52-9FA9-6F325C7B12A9}.Release|Any CPU.ActiveCfg = Release|Any CPU
		{E01E7013-DE64-4A52-9FA9-6F325C7B12A9}.Release|Any CPU.Build.0 = Release|Any CPU
		{E01E7013-DE64-4A52-9FA9-6F325C7B12A9}.Release|x64.ActiveCfg = Release|Any CPU
		{E01E7013-DE64-4A52-9FA9-6F325C7B12A9}.Release|x64.Build.0 = Release|Any CPU
		{E01E7013-DE64-4A52-9FA9-6F325C7B12A9}.Release|x86.ActiveCfg = Release|Any CPU
		{E01E7013-DE64-4A52-9FA9-6F325C7B12A9}.Release|x86.Build.0 = Release|Any CPU
		{3122BC27-923A-31AB-D684-2B691C1C6075}.Debug|Any CPU.ActiveCfg = Debug|Any CPU
		{3122BC27-923A-31AB-D684-2B691C1C6075}.Debug|Any CPU.Build.0 = Debug|Any CPU
		{3122BC27-923A-31AB-D684-2B691C1C6075}.Debug|x64.ActiveCfg = Debug|Any CPU
		{3122BC27-923A-31AB-D684-2B691C1C6075}.Debug|x64.Build.0 = Debug|Any CPU
		{3122BC27-923A-31AB-D684-2B691C1C6075}.Debug|x86.ActiveCfg = Debug|Any CPU
		{3122BC27-923A-31AB-D684-2B691C1C6075}.Debug|x86.Build.0 = Debug|Any CPU
		{3122BC27-923A-31AB-D684-2B691C1C6075}.Release|Any CPU.ActiveCfg = Release|Any CPU
		{3122BC27-923A-31AB-D684-2B691C1C6075}.Release|Any CPU.Build.0 = Release|Any CPU
		{3122BC27-923A-31AB-D684-2B691C1C6075}.Release|x64.ActiveCfg = Release|Any CPU
		{3122BC27-923A-31AB-D684-2B691C1C6075}.Release|x64.Build.0 = Release|Any CPU
		{3122BC27-923A-31AB-D684-2B691C1C6075}.Release|x86.ActiveCfg = Release|Any CPU
		{3122BC27-923A-31AB-D684-2B691C1C6075}.Release|x86.Build.0 = Release|Any CPU
		{9D0E6B10-3838-7AB8-79AD-00FC20E74E1C}.Debug|Any CPU.ActiveCfg = Debug|Any CPU
		{9D0E6B10-3838-7AB8-79AD-00FC20E74E1C}.Debug|Any CPU.Build.0 = Debug|Any CPU
		{9D0E6B10-3838-7AB8-79AD-00FC20E74E1C}.Debug|x64.ActiveCfg = Debug|Any CPU
		{9D0E6B10-3838-7AB8-79AD-00FC20E74E1C}.Debug|x64.Build.0 = Debug|Any CPU
		{9D0E6B10-3838-7AB8-79AD-00FC20E74E1C}.Debug|x86.ActiveCfg = Debug|Any CPU
		{9D0E6B10-3838-7AB8-79AD-00FC20E74E1C}.Debug|x86.Build.0 = Debug|Any CPU
		{9D0E6B10-3838-7AB8-79AD-00FC20E74E1C}.Release|Any CPU.ActiveCfg = Release|Any CPU
		{9D0E6B10-3838-7AB8-79AD-00FC20E74E1C}.Release|Any CPU.Build.0 = Release|Any CPU
		{9D0E6B10-3838-7AB8-79AD-00FC20E74E1C}.Release|x64.ActiveCfg = Release|Any CPU
		{9D0E6B10-3838-7AB8-79AD-00FC20E74E1C}.Release|x64.Build.0 = Release|Any CPU
		{9D0E6B10-3838-7AB8-79AD-00FC20E74E1C}.Release|x86.ActiveCfg = Release|Any CPU
		{9D0E6B10-3838-7AB8-79AD-00FC20E74E1C}.Release|x86.Build.0 = Release|Any CPU
		{9B34805D-E063-0693-C4C9-E26C025A91E3}.Debug|Any CPU.ActiveCfg = Debug|Any CPU
		{9B34805D-E063-0693-C4C9-E26C025A91E3}.Debug|Any CPU.Build.0 = Debug|Any CPU
		{9B34805D-E063-0693-C4C9-E26C025A91E3}.Debug|x64.ActiveCfg = Debug|Any CPU
		{9B34805D-E063-0693-C4C9-E26C025A91E3}.Debug|x64.Build.0 = Debug|Any CPU
		{9B34805D-E063-0693-C4C9-E26C025A91E3}.Debug|x86.ActiveCfg = Debug|Any CPU
		{9B34805D-E063-0693-C4C9-E26C025A91E3}.Debug|x86.Build.0 = Debug|Any CPU
		{9B34805D-E063-0693-C4C9-E26C025A91E3}.Release|Any CPU.ActiveCfg = Release|Any CPU
		{9B34805D-E063-0693-C4C9-E26C025A91E3}.Release|Any CPU.Build.0 = Release|Any CPU
		{9B34805D-E063-0693-C4C9-E26C025A91E3}.Release|x64.ActiveCfg = Release|Any CPU
		{9B34805D-E063-0693-C4C9-E26C025A91E3}.Release|x64.Build.0 = Release|Any CPU
		{9B34805D-E063-0693-C4C9-E26C025A91E3}.Release|x86.ActiveCfg = Release|Any CPU
		{9B34805D-E063-0693-C4C9-E26C025A91E3}.Release|x86.Build.0 = Release|Any CPU
		{602218B5-F255-45A3-B4F5-C03F0D4DD9B7}.Debug|Any CPU.ActiveCfg = Debug|Any CPU
		{602218B5-F255-45A3-B4F5-C03F0D4DD9B7}.Debug|Any CPU.Build.0 = Debug|Any CPU
		{602218B5-F255-45A3-B4F5-C03F0D4DD9B7}.Debug|x64.ActiveCfg = Debug|Any CPU
		{602218B5-F255-45A3-B4F5-C03F0D4DD9B7}.Debug|x64.Build.0 = Debug|Any CPU
		{602218B5-F255-45A3-B4F5-C03F0D4DD9B7}.Debug|x86.ActiveCfg = Debug|Any CPU
		{602218B5-F255-45A3-B4F5-C03F0D4DD9B7}.Debug|x86.Build.0 = Debug|Any CPU
		{602218B5-F255-45A3-B4F5-C03F0D4DD9B7}.Release|Any CPU.ActiveCfg = Release|Any CPU
		{602218B5-F255-45A3-B4F5-C03F0D4DD9B7}.Release|Any CPU.Build.0 = Release|Any CPU
		{602218B5-F255-45A3-B4F5-C03F0D4DD9B7}.Release|x64.ActiveCfg = Release|Any CPU
		{602218B5-F255-45A3-B4F5-C03F0D4DD9B7}.Release|x64.Build.0 = Release|Any CPU
		{602218B5-F255-45A3-B4F5-C03F0D4DD9B7}.Release|x86.ActiveCfg = Release|Any CPU
		{602218B5-F255-45A3-B4F5-C03F0D4DD9B7}.Release|x86.Build.0 = Release|Any CPU
		{B645D6D0-01E3-4092-B40C-50D6FDFA740E}.Debug|Any CPU.ActiveCfg = Debug|Any CPU
		{B645D6D0-01E3-4092-B40C-50D6FDFA740E}.Debug|Any CPU.Build.0 = Debug|Any CPU
		{B645D6D0-01E3-4092-B40C-50D6FDFA740E}.Debug|x64.ActiveCfg = Debug|Any CPU
		{B645D6D0-01E3-4092-B40C-50D6FDFA740E}.Debug|x64.Build.0 = Debug|Any CPU
		{B645D6D0-01E3-4092-B40C-50D6FDFA740E}.Debug|x86.ActiveCfg = Debug|Any CPU
		{B645D6D0-01E3-4092-B40C-50D6FDFA740E}.Debug|x86.Build.0 = Debug|Any CPU
		{B645D6D0-01E3-4092-B40C-50D6FDFA740E}.Release|Any CPU.ActiveCfg = Release|Any CPU
		{B645D6D0-01E3-4092-B40C-50D6FDFA740E}.Release|Any CPU.Build.0 = Release|Any CPU
		{B645D6D0-01E3-4092-B40C-50D6FDFA740E}.Release|x64.ActiveCfg = Release|Any CPU
		{B645D6D0-01E3-4092-B40C-50D6FDFA740E}.Release|x64.Build.0 = Release|Any CPU
		{B645D6D0-01E3-4092-B40C-50D6FDFA740E}.Release|x86.ActiveCfg = Release|Any CPU
		{B645D6D0-01E3-4092-B40C-50D6FDFA740E}.Release|x86.Build.0 = Release|Any CPU
		{B1060F5E-43B8-4AC3-93AE-D8B2BCBFC30B}.Debug|Any CPU.ActiveCfg = Debug|Any CPU
		{B1060F5E-43B8-4AC3-93AE-D8B2BCBFC30B}.Debug|Any CPU.Build.0 = Debug|Any CPU
		{B1060F5E-43B8-4AC3-93AE-D8B2BCBFC30B}.Debug|x64.ActiveCfg = Debug|Any CPU
		{B1060F5E-43B8-4AC3-93AE-D8B2BCBFC30B}.Debug|x64.Build.0 = Debug|Any CPU
		{B1060F5E-43B8-4AC3-93AE-D8B2BCBFC30B}.Debug|x86.ActiveCfg = Debug|Any CPU
		{B1060F5E-43B8-4AC3-93AE-D8B2BCBFC30B}.Debug|x86.Build.0 = Debug|Any CPU
		{B1060F5E-43B8-4AC3-93AE-D8B2BCBFC30B}.Release|Any CPU.ActiveCfg = Release|Any CPU
		{B1060F5E-43B8-4AC3-93AE-D8B2BCBFC30B}.Release|Any CPU.Build.0 = Release|Any CPU
		{B1060F5E-43B8-4AC3-93AE-D8B2BCBFC30B}.Release|x64.ActiveCfg = Release|Any CPU
		{B1060F5E-43B8-4AC3-93AE-D8B2BCBFC30B}.Release|x64.Build.0 = Release|Any CPU
		{B1060F5E-43B8-4AC3-93AE-D8B2BCBFC30B}.Release|x86.ActiveCfg = Release|Any CPU
		{B1060F5E-43B8-4AC3-93AE-D8B2BCBFC30B}.Release|x86.Build.0 = Release|Any CPU
		{7CE02067-97F5-46C4-84DF-5FA37C574A2E}.Debug|Any CPU.ActiveCfg = Debug|Any CPU
		{7CE02067-97F5-46C4-84DF-5FA37C574A2E}.Debug|Any CPU.Build.0 = Debug|Any CPU
		{7CE02067-97F5-46C4-84DF-5FA37C574A2E}.Debug|x64.ActiveCfg = Debug|Any CPU
		{7CE02067-97F5-46C4-84DF-5FA37C574A2E}.Debug|x64.Build.0 = Debug|Any CPU
		{7CE02067-97F5-46C4-84DF-5FA37C574A2E}.Debug|x86.ActiveCfg = Debug|Any CPU
		{7CE02067-97F5-46C4-84DF-5FA37C574A2E}.Debug|x86.Build.0 = Debug|Any CPU
		{7CE02067-97F5-46C4-84DF-5FA37C574A2E}.Release|Any CPU.ActiveCfg = Release|Any CPU
		{7CE02067-97F5-46C4-84DF-5FA37C574A2E}.Release|Any CPU.Build.0 = Release|Any CPU
		{7CE02067-97F5-46C4-84DF-5FA37C574A2E}.Release|x64.ActiveCfg = Release|Any CPU
		{7CE02067-97F5-46C4-84DF-5FA37C574A2E}.Release|x64.Build.0 = Release|Any CPU
		{7CE02067-97F5-46C4-84DF-5FA37C574A2E}.Release|x86.ActiveCfg = Release|Any CPU
		{7CE02067-97F5-46C4-84DF-5FA37C574A2E}.Release|x86.Build.0 = Release|Any CPU
		{86159C7B-59A7-4DEA-BCF0-7EC49A99563C}.Debug|Any CPU.ActiveCfg = Debug|Any CPU
		{86159C7B-59A7-4DEA-BCF0-7EC49A99563C}.Debug|Any CPU.Build.0 = Debug|Any CPU
		{86159C7B-59A7-4DEA-BCF0-7EC49A99563C}.Debug|x64.ActiveCfg = Debug|Any CPU
		{86159C7B-59A7-4DEA-BCF0-7EC49A99563C}.Debug|x64.Build.0 = Debug|Any CPU
		{86159C7B-59A7-4DEA-BCF0-7EC49A99563C}.Debug|x86.ActiveCfg = Debug|Any CPU
		{86159C7B-59A7-4DEA-BCF0-7EC49A99563C}.Debug|x86.Build.0 = Debug|Any CPU
		{86159C7B-59A7-4DEA-BCF0-7EC49A99563C}.Release|Any CPU.ActiveCfg = Release|Any CPU
		{86159C7B-59A7-4DEA-BCF0-7EC49A99563C}.Release|Any CPU.Build.0 = Release|Any CPU
		{86159C7B-59A7-4DEA-BCF0-7EC49A99563C}.Release|x64.ActiveCfg = Release|Any CPU
		{86159C7B-59A7-4DEA-BCF0-7EC49A99563C}.Release|x64.Build.0 = Release|Any CPU
		{86159C7B-59A7-4DEA-BCF0-7EC49A99563C}.Release|x86.ActiveCfg = Release|Any CPU
		{86159C7B-59A7-4DEA-BCF0-7EC49A99563C}.Release|x86.Build.0 = Release|Any CPU
		{28972F05-F643-406F-A37F-CCBE916B1B49}.Debug|Any CPU.ActiveCfg = Debug|Any CPU
		{28972F05-F643-406F-A37F-CCBE916B1B49}.Debug|Any CPU.Build.0 = Debug|Any CPU
		{28972F05-F643-406F-A37F-CCBE916B1B49}.Debug|x64.ActiveCfg = Debug|Any CPU
		{28972F05-F643-406F-A37F-CCBE916B1B49}.Debug|x64.Build.0 = Debug|Any CPU
		{28972F05-F643-406F-A37F-CCBE916B1B49}.Debug|x86.ActiveCfg = Debug|Any CPU
		{28972F05-F643-406F-A37F-CCBE916B1B49}.Debug|x86.Build.0 = Debug|Any CPU
		{28972F05-F643-406F-A37F-CCBE916B1B49}.Release|Any CPU.ActiveCfg = Release|Any CPU
		{28972F05-F643-406F-A37F-CCBE916B1B49}.Release|Any CPU.Build.0 = Release|Any CPU
		{28972F05-F643-406F-A37F-CCBE916B1B49}.Release|x64.ActiveCfg = Release|Any CPU
		{28972F05-F643-406F-A37F-CCBE916B1B49}.Release|x64.Build.0 = Release|Any CPU
		{28972F05-F643-406F-A37F-CCBE916B1B49}.Release|x86.ActiveCfg = Release|Any CPU
		{28972F05-F643-406F-A37F-CCBE916B1B49}.Release|x86.Build.0 = Release|Any CPU
		{BE151C5A-BE0B-4F47-BB50-7AA002443029}.Debug|Any CPU.ActiveCfg = Debug|Any CPU
		{BE151C5A-BE0B-4F47-BB50-7AA002443029}.Debug|Any CPU.Build.0 = Debug|Any CPU
		{BE151C5A-BE0B-4F47-BB50-7AA002443029}.Debug|x64.ActiveCfg = Debug|Any CPU
		{BE151C5A-BE0B-4F47-BB50-7AA002443029}.Debug|x64.Build.0 = Debug|Any CPU
		{BE151C5A-BE0B-4F47-BB50-7AA002443029}.Debug|x86.ActiveCfg = Debug|Any CPU
		{BE151C5A-BE0B-4F47-BB50-7AA002443029}.Debug|x86.Build.0 = Debug|Any CPU
		{BE151C5A-BE0B-4F47-BB50-7AA002443029}.Release|Any CPU.ActiveCfg = Release|Any CPU
		{BE151C5A-BE0B-4F47-BB50-7AA002443029}.Release|Any CPU.Build.0 = Release|Any CPU
		{BE151C5A-BE0B-4F47-BB50-7AA002443029}.Release|x64.ActiveCfg = Release|Any CPU
		{BE151C5A-BE0B-4F47-BB50-7AA002443029}.Release|x64.Build.0 = Release|Any CPU
		{BE151C5A-BE0B-4F47-BB50-7AA002443029}.Release|x86.ActiveCfg = Release|Any CPU
		{BE151C5A-BE0B-4F47-BB50-7AA002443029}.Release|x86.Build.0 = Release|Any CPU
		{F9FF8D44-6E1C-66A1-6840-85A953348236}.Debug|Any CPU.ActiveCfg = Debug|Any CPU
		{F9FF8D44-6E1C-66A1-6840-85A953348236}.Debug|Any CPU.Build.0 = Debug|Any CPU
		{F9FF8D44-6E1C-66A1-6840-85A953348236}.Debug|x64.ActiveCfg = Debug|Any CPU
		{F9FF8D44-6E1C-66A1-6840-85A953348236}.Debug|x64.Build.0 = Debug|Any CPU
		{F9FF8D44-6E1C-66A1-6840-85A953348236}.Debug|x86.ActiveCfg = Debug|Any CPU
		{F9FF8D44-6E1C-66A1-6840-85A953348236}.Debug|x86.Build.0 = Debug|Any CPU
		{F9FF8D44-6E1C-66A1-6840-85A953348236}.Release|Any CPU.ActiveCfg = Release|Any CPU
		{F9FF8D44-6E1C-66A1-6840-85A953348236}.Release|Any CPU.Build.0 = Release|Any CPU
		{F9FF8D44-6E1C-66A1-6840-85A953348236}.Release|x64.ActiveCfg = Release|Any CPU
		{F9FF8D44-6E1C-66A1-6840-85A953348236}.Release|x64.Build.0 = Release|Any CPU
		{F9FF8D44-6E1C-66A1-6840-85A953348236}.Release|x86.ActiveCfg = Release|Any CPU
		{F9FF8D44-6E1C-66A1-6840-85A953348236}.Release|x86.Build.0 = Release|Any CPU
		{FEEDA94B-085D-3A95-8E47-3810A40CE724}.Debug|Any CPU.ActiveCfg = Debug|Any CPU
		{FEEDA94B-085D-3A95-8E47-3810A40CE724}.Debug|Any CPU.Build.0 = Debug|Any CPU
		{FEEDA94B-085D-3A95-8E47-3810A40CE724}.Debug|x64.ActiveCfg = Debug|Any CPU
		{FEEDA94B-085D-3A95-8E47-3810A40CE724}.Debug|x64.Build.0 = Debug|Any CPU
		{FEEDA94B-085D-3A95-8E47-3810A40CE724}.Debug|x86.ActiveCfg = Debug|Any CPU
		{FEEDA94B-085D-3A95-8E47-3810A40CE724}.Debug|x86.Build.0 = Debug|Any CPU
		{FEEDA94B-085D-3A95-8E47-3810A40CE724}.Release|Any CPU.ActiveCfg = Release|Any CPU
		{FEEDA94B-085D-3A95-8E47-3810A40CE724}.Release|Any CPU.Build.0 = Release|Any CPU
		{FEEDA94B-085D-3A95-8E47-3810A40CE724}.Release|x64.ActiveCfg = Release|Any CPU
		{FEEDA94B-085D-3A95-8E47-3810A40CE724}.Release|x64.Build.0 = Release|Any CPU
		{FEEDA94B-085D-3A95-8E47-3810A40CE724}.Release|x86.ActiveCfg = Release|Any CPU
		{FEEDA94B-085D-3A95-8E47-3810A40CE724}.Release|x86.Build.0 = Release|Any CPU
		{2E95569B-1941-BEEF-4ACA-1D7A62BF7177}.Debug|Any CPU.ActiveCfg = Debug|Any CPU
		{2E95569B-1941-BEEF-4ACA-1D7A62BF7177}.Debug|Any CPU.Build.0 = Debug|Any CPU
		{2E95569B-1941-BEEF-4ACA-1D7A62BF7177}.Debug|x64.ActiveCfg = Debug|Any CPU
		{2E95569B-1941-BEEF-4ACA-1D7A62BF7177}.Debug|x64.Build.0 = Debug|Any CPU
		{2E95569B-1941-BEEF-4ACA-1D7A62BF7177}.Debug|x86.ActiveCfg = Debug|Any CPU
		{2E95569B-1941-BEEF-4ACA-1D7A62BF7177}.Debug|x86.Build.0 = Debug|Any CPU
		{2E95569B-1941-BEEF-4ACA-1D7A62BF7177}.Release|Any CPU.ActiveCfg = Release|Any CPU
		{2E95569B-1941-BEEF-4ACA-1D7A62BF7177}.Release|Any CPU.Build.0 = Release|Any CPU
		{2E95569B-1941-BEEF-4ACA-1D7A62BF7177}.Release|x64.ActiveCfg = Release|Any CPU
		{2E95569B-1941-BEEF-4ACA-1D7A62BF7177}.Release|x64.Build.0 = Release|Any CPU
		{2E95569B-1941-BEEF-4ACA-1D7A62BF7177}.Release|x86.ActiveCfg = Release|Any CPU
		{2E95569B-1941-BEEF-4ACA-1D7A62BF7177}.Release|x86.Build.0 = Release|Any CPU
		{58FB9205-C88B-4E5C-BD6A-396BBA03505B}.Debug|Any CPU.ActiveCfg = Debug|Any CPU
		{58FB9205-C88B-4E5C-BD6A-396BBA03505B}.Debug|Any CPU.Build.0 = Debug|Any CPU
		{58FB9205-C88B-4E5C-BD6A-396BBA03505B}.Debug|x64.ActiveCfg = Debug|Any CPU
		{58FB9205-C88B-4E5C-BD6A-396BBA03505B}.Debug|x64.Build.0 = Debug|Any CPU
		{58FB9205-C88B-4E5C-BD6A-396BBA03505B}.Debug|x86.ActiveCfg = Debug|Any CPU
		{58FB9205-C88B-4E5C-BD6A-396BBA03505B}.Debug|x86.Build.0 = Debug|Any CPU
		{58FB9205-C88B-4E5C-BD6A-396BBA03505B}.Release|Any CPU.ActiveCfg = Release|Any CPU
		{58FB9205-C88B-4E5C-BD6A-396BBA03505B}.Release|Any CPU.Build.0 = Release|Any CPU
		{58FB9205-C88B-4E5C-BD6A-396BBA03505B}.Release|x64.ActiveCfg = Release|Any CPU
		{58FB9205-C88B-4E5C-BD6A-396BBA03505B}.Release|x64.Build.0 = Release|Any CPU
		{58FB9205-C88B-4E5C-BD6A-396BBA03505B}.Release|x86.ActiveCfg = Release|Any CPU
		{58FB9205-C88B-4E5C-BD6A-396BBA03505B}.Release|x86.Build.0 = Release|Any CPU
		{5A864ADA-A21F-BAEC-D3E9-D8CFB992022F}.Debug|Any CPU.ActiveCfg = Debug|Any CPU
		{5A864ADA-A21F-BAEC-D3E9-D8CFB992022F}.Debug|Any CPU.Build.0 = Debug|Any CPU
		{5A864ADA-A21F-BAEC-D3E9-D8CFB992022F}.Debug|x64.ActiveCfg = Debug|Any CPU
		{5A864ADA-A21F-BAEC-D3E9-D8CFB992022F}.Debug|x64.Build.0 = Debug|Any CPU
		{5A864ADA-A21F-BAEC-D3E9-D8CFB992022F}.Debug|x86.ActiveCfg = Debug|Any CPU
		{5A864ADA-A21F-BAEC-D3E9-D8CFB992022F}.Debug|x86.Build.0 = Debug|Any CPU
		{5A864ADA-A21F-BAEC-D3E9-D8CFB992022F}.Release|Any CPU.ActiveCfg = Release|Any CPU
		{5A864ADA-A21F-BAEC-D3E9-D8CFB992022F}.Release|Any CPU.Build.0 = Release|Any CPU
		{5A864ADA-A21F-BAEC-D3E9-D8CFB992022F}.Release|x64.ActiveCfg = Release|Any CPU
		{5A864ADA-A21F-BAEC-D3E9-D8CFB992022F}.Release|x64.Build.0 = Release|Any CPU
		{5A864ADA-A21F-BAEC-D3E9-D8CFB992022F}.Release|x86.ActiveCfg = Release|Any CPU
		{5A864ADA-A21F-BAEC-D3E9-D8CFB992022F}.Release|x86.Build.0 = Release|Any CPU
		{F33DD800-A115-BD33-BEBB-ED283D891E8E}.Debug|Any CPU.ActiveCfg = Debug|Any CPU
		{F33DD800-A115-BD33-BEBB-ED283D891E8E}.Debug|Any CPU.Build.0 = Debug|Any CPU
		{F33DD800-A115-BD33-BEBB-ED283D891E8E}.Debug|x64.ActiveCfg = Debug|Any CPU
		{F33DD800-A115-BD33-BEBB-ED283D891E8E}.Debug|x64.Build.0 = Debug|Any CPU
		{F33DD800-A115-BD33-BEBB-ED283D891E8E}.Debug|x86.ActiveCfg = Debug|Any CPU
		{F33DD800-A115-BD33-BEBB-ED283D891E8E}.Debug|x86.Build.0 = Debug|Any CPU
		{F33DD800-A115-BD33-BEBB-ED283D891E8E}.Release|Any CPU.ActiveCfg = Release|Any CPU
		{F33DD800-A115-BD33-BEBB-ED283D891E8E}.Release|Any CPU.Build.0 = Release|Any CPU
		{F33DD800-A115-BD33-BEBB-ED283D891E8E}.Release|x64.ActiveCfg = Release|Any CPU
		{F33DD800-A115-BD33-BEBB-ED283D891E8E}.Release|x64.Build.0 = Release|Any CPU
		{F33DD800-A115-BD33-BEBB-ED283D891E8E}.Release|x86.ActiveCfg = Release|Any CPU
		{F33DD800-A115-BD33-BEBB-ED283D891E8E}.Release|x86.Build.0 = Release|Any CPU
		{0065B339-A3D9-4247-BAEC-D21F9E8C8FE8}.Debug|Any CPU.ActiveCfg = Debug|Any CPU
		{0065B339-A3D9-4247-BAEC-D21F9E8C8FE8}.Debug|Any CPU.Build.0 = Debug|Any CPU
		{0065B339-A3D9-4247-BAEC-D21F9E8C8FE8}.Debug|x64.ActiveCfg = Debug|Any CPU
		{0065B339-A3D9-4247-BAEC-D21F9E8C8FE8}.Debug|x64.Build.0 = Debug|Any CPU
		{0065B339-A3D9-4247-BAEC-D21F9E8C8FE8}.Debug|x86.ActiveCfg = Debug|Any CPU
		{0065B339-A3D9-4247-BAEC-D21F9E8C8FE8}.Debug|x86.Build.0 = Debug|Any CPU
		{0065B339-A3D9-4247-BAEC-D21F9E8C8FE8}.Release|Any CPU.ActiveCfg = Release|Any CPU
		{0065B339-A3D9-4247-BAEC-D21F9E8C8FE8}.Release|Any CPU.Build.0 = Release|Any CPU
		{0065B339-A3D9-4247-BAEC-D21F9E8C8FE8}.Release|x64.ActiveCfg = Release|Any CPU
		{0065B339-A3D9-4247-BAEC-D21F9E8C8FE8}.Release|x64.Build.0 = Release|Any CPU
		{0065B339-A3D9-4247-BAEC-D21F9E8C8FE8}.Release|x86.ActiveCfg = Release|Any CPU
		{0065B339-A3D9-4247-BAEC-D21F9E8C8FE8}.Release|x86.Build.0 = Release|Any CPU
		{5DCCE77D-2B81-A3EE-4FD1-63F08785BDD0}.Debug|Any CPU.ActiveCfg = Debug|Any CPU
		{5DCCE77D-2B81-A3EE-4FD1-63F08785BDD0}.Debug|Any CPU.Build.0 = Debug|Any CPU
		{5DCCE77D-2B81-A3EE-4FD1-63F08785BDD0}.Debug|x64.ActiveCfg = Debug|Any CPU
		{5DCCE77D-2B81-A3EE-4FD1-63F08785BDD0}.Debug|x64.Build.0 = Debug|Any CPU
		{5DCCE77D-2B81-A3EE-4FD1-63F08785BDD0}.Debug|x86.ActiveCfg = Debug|Any CPU
		{5DCCE77D-2B81-A3EE-4FD1-63F08785BDD0}.Debug|x86.Build.0 = Debug|Any CPU
		{5DCCE77D-2B81-A3EE-4FD1-63F08785BDD0}.Release|Any CPU.ActiveCfg = Release|Any CPU
		{5DCCE77D-2B81-A3EE-4FD1-63F08785BDD0}.Release|Any CPU.Build.0 = Release|Any CPU
		{5DCCE77D-2B81-A3EE-4FD1-63F08785BDD0}.Release|x64.ActiveCfg = Release|Any CPU
		{5DCCE77D-2B81-A3EE-4FD1-63F08785BDD0}.Release|x64.Build.0 = Release|Any CPU
		{5DCCE77D-2B81-A3EE-4FD1-63F08785BDD0}.Release|x86.ActiveCfg = Release|Any CPU
		{5DCCE77D-2B81-A3EE-4FD1-63F08785BDD0}.Release|x86.Build.0 = Release|Any CPU
		{B9275215-698C-500E-CBEE-F7183211BB65}.Debug|Any CPU.ActiveCfg = Debug|Any CPU
		{B9275215-698C-500E-CBEE-F7183211BB65}.Debug|Any CPU.Build.0 = Debug|Any CPU
		{B9275215-698C-500E-CBEE-F7183211BB65}.Debug|x64.ActiveCfg = Debug|Any CPU
		{B9275215-698C-500E-CBEE-F7183211BB65}.Debug|x64.Build.0 = Debug|Any CPU
		{B9275215-698C-500E-CBEE-F7183211BB65}.Debug|x86.ActiveCfg = Debug|Any CPU
		{B9275215-698C-500E-CBEE-F7183211BB65}.Debug|x86.Build.0 = Debug|Any CPU
		{B9275215-698C-500E-CBEE-F7183211BB65}.Release|Any CPU.ActiveCfg = Release|Any CPU
		{B9275215-698C-500E-CBEE-F7183211BB65}.Release|Any CPU.Build.0 = Release|Any CPU
		{B9275215-698C-500E-CBEE-F7183211BB65}.Release|x64.ActiveCfg = Release|Any CPU
		{B9275215-698C-500E-CBEE-F7183211BB65}.Release|x64.Build.0 = Release|Any CPU
		{B9275215-698C-500E-CBEE-F7183211BB65}.Release|x86.ActiveCfg = Release|Any CPU
		{B9275215-698C-500E-CBEE-F7183211BB65}.Release|x86.Build.0 = Release|Any CPU
	EndGlobalSection
	GlobalSection(SolutionProperties) = preSolution
		HideSolutionNode = FALSE
	EndGlobalSection
	GlobalSection(NestedProjects) = preSolution
		{E01E7013-DE64-4A52-9FA9-6F325C7B12A9} = {B4CC44EB-2F28-46A9-BD42-36350F39F999}
		{3122BC27-923A-31AB-D684-2B691C1C6075} = {C7580F7F-7269-406E-A350-651E9AAF3996}
		{9D0E6B10-3838-7AB8-79AD-00FC20E74E1C} = {02EA681E-C7D8-13C7-8484-4AC65E1B71E8}
		{9B34805D-E063-0693-C4C9-E26C025A91E3} = {03839617-D70E-4E67-AD64-4458BEAF8B7B}
		{602218B5-F255-45A3-B4F5-C03F0D4DD9B7} = {E1A7387B-8C42-4E1E-95DF-35677B0E333A}
		{B645D6D0-01E3-4092-B40C-50D6FDFA740E} = {E3EE7E22-1EEA-483B-BA6F-09E926E325EE}
		{B1060F5E-43B8-4AC3-93AE-D8B2BCBFC30B} = {A265A754-0A87-40D1-8D94-7E37D334798B}
		{7CE02067-97F5-46C4-84DF-5FA37C574A2E} = {A265A754-0A87-40D1-8D94-7E37D334798B}
		{86159C7B-59A7-4DEA-BCF0-7EC49A99563C} = {E3EE7E22-1EEA-483B-BA6F-09E926E325EE}
		{28972F05-F643-406F-A37F-CCBE916B1B49} = {A98DB97D-3B9D-4781-A248-D2043F614879}
		{BE151C5A-BE0B-4F47-BB50-7AA002443029} = {A98DB97D-3B9D-4781-A248-D2043F614879}
		{F9FF8D44-6E1C-66A1-6840-85A953348236} = {E1A7387B-8C42-4E1E-95DF-35677B0E333A}
		{FEEDA94B-085D-3A95-8E47-3810A40CE724} = {E1A7387B-8C42-4E1E-95DF-35677B0E333A}
		{2E95569B-1941-BEEF-4ACA-1D7A62BF7177} = {E1A7387B-8C42-4E1E-95DF-35677B0E333A}
		{58FB9205-C88B-4E5C-BD6A-396BBA03505B} = {A98DB97D-3B9D-4781-A248-D2043F614879}
		{5A864ADA-A21F-BAEC-D3E9-D8CFB992022F} = {E1A7387B-8C42-4E1E-95DF-35677B0E333A}
		{F33DD800-A115-BD33-BEBB-ED283D891E8E} = {C7580F7F-7269-406E-A350-651E9AAF3996}
		{0065B339-A3D9-4247-BAEC-D21F9E8C8FE8} = {A98DB97D-3B9D-4781-A248-D2043F614879}
		{5DCCE77D-2B81-A3EE-4FD1-63F08785BDD0} = {E1A7387B-8C42-4E1E-95DF-35677B0E333A}
		{B9275215-698C-500E-CBEE-F7183211BB65} = {02EA681E-C7D8-13C7-8484-4AC65E1B71E8}
	EndGlobalSection
	GlobalSection(ExtensibilityGlobals) = postSolution
		SolutionGuid = {69CB4A26-DBDB-4782-90E2-E94AFCA83ED5}
	EndGlobalSection
EndGlobal
